<Solution>
  <Folder Name="/AspireInfrastructure/">
    <Project Path="AspireInfrastructure/AppHost/AppHost.csproj" />
    <Project Path="AspireInfrastructure/ServiceDefaults/ServiceDefaults.csproj" />
  </Folder>
  <Folder Name="/AspireInfrastructure/ClientIntegrations/">
    <Project Path="AspireInfrastructure/ClientIntegrations/FluentEmail.MailKit/Aspire.FluentEmail.MailKit.csproj" />
  </Folder>
  <Folder Name="/AspireInfrastructure/HostingIntegrations/">
    <Project Path="AspireInfrastructure/HostingIntegrations/MailDev/Aspire.Hosting.MailDev.csproj" />
  </Folder>
  <Folder Name="/Server/" />
  <Folder Name="/Server/CrossCutting/">
    <Project Path="Server/CrossCutting/Infrastructure/Infrastructure.csproj" />
    <Project Path="Server/CrossCutting/Model/Model.csproj" Id="c192f657-3585-490a-8676-26ce0852e881" />
  </Folder>
  <Folder Name="/Server/DataAccess/">
    <Project Path="Server/DataAccess/DbAccess.Contract/DbAccess.Contract.csproj" />
    <Project Path="Server/DataAccess/DbAccess.EntityFrameworkCore.Tests/DbAccess.EntityFrameworkCore.Tests.csproj" />
    <Project Path="Server/DataAccess/DbAccess.EntityFrameworkCore/DbAccess.EntityFrameworkCore.csproj" />
  </Folder>
  <Folder Name="/Server/Logic/" />
  <Folder Name="/Server/Logic/Business/">
    <Project Path="Server/Logic/Business/Identity.EmailSending/Identity.EmailSending.csproj" Id="0d493afd-b4af-4e3f-be74-da64472b1b23" />
  </Folder>
  <Folder Name="/Server/Logic/Domain/">
    <Project Path="Server/Logic/Domain/DataTransactionHandling.Contract/DataTransactionHandling.Contract.csproj" />
    <Project Path="Server/Logic/Domain/DataTransactionHandling.Tests/DataTransactionHandling.Tests.csproj" />
    <Project Path="Server/Logic/Domain/DataTransactionHandling/DataTransactionHandling.csproj" />
    <Project Path="Server/Logic/Domain/EmailManagement.Contract/EmailManagement.Contract.csproj" />
    <Project Path="Server/Logic/Domain/EmailManagement.Tests/EmailManagement.Tests.csproj" />
    <Project Path="Server/Logic/Domain/EmailManagement/EmailManagement.csproj" />
  </Folder>
  <Folder Name="/Server/Presentation/">
    <Project Path="Server/Presentation/MigrationService/MigrationService.csproj" />
    <Project Path="Server/Presentation/Startup/Startup.csproj" />
  </Folder>
  <Folder Name="/Solution Items/">
    <File Path=".editorconfig" />
  </Folder>
</Solution>
