
Microsoft Visual Studio Solution File, Format Version 12.00
# Visual Studio Version 17
VisualStudioVersion = 17.8.34322.80
MinimumVisualStudioVersion = 10.0.40219.1
Project("{2150E333-8FDC-42A3-9474-1A3956D46DE8}") = "Server", "Server", "{DA25295D-6462-435E-8EEC-60FA513CBB30}"
EndProject
Project("{9A19103F-16F7-4668-BE54-9A1E7A4F7556}") = "Startup", "Server\Presentation\Startup\Startup.csproj", "{ECFDFBFC-48C7-4437-8BF9-51B1FAACB5E6}"
EndProject
Project("{9A19103F-16F7-4668-BE54-9A1E7A4F7556}") = "REST", "Server\Presentation\REST\REST.csproj", "{26F22902-7F67-459D-A9FE-76E54D56BC90}"
EndProject
Project("{9A19103F-16F7-4668-BE54-9A1E7A4F7556}") = "UserManagement.Contract", "Server\Logic\Domain\UserManagement.Contract\UserManagement.Contract.csproj", "{166D924B-FAD6-4765-9263-0651D0499F87}"
EndProject
Project("{2150E333-8FDC-42A3-9474-1A3956D46DE8}") = "Logic", "Logic", "{AC44F145-B78B-43AD-BFF1-98F5E9D25FD9}"
EndProject
Project("{2150E333-8FDC-42A3-9474-1A3956D46DE8}") = "CrossCutting", "CrossCutting", "{15163B24-45F6-4D6D-B58B-AB58D0A02C59}"
EndProject
Project("{9A19103F-16F7-4668-BE54-9A1E7A4F7556}") = "DataClasses", "Server\CrossCutting\DataClasses\DataClasses.csproj", "{9C787721-76F0-43FF-88A8-A4F7DDB61EEF}"
EndProject
Project("{9A19103F-16F7-4668-BE54-9A1E7A4F7556}") = "UserManagement", "Server\Logic\Domain\UserManagement\UserManagement.csproj", "{6E522ABC-F094-4A2E-8363-D99DBF38F268}"
EndProject
Project("{2150E333-8FDC-42A3-9474-1A3956D46DE8}") = "Presentation", "Presentation", "{DD36AA25-5D23-4EBC-B7E5-23FB6E864B96}"
EndProject
Project("{2150E333-8FDC-42A3-9474-1A3956D46DE8}") = "Domain", "Domain", "{5E52A855-FB26-484A-B563-358312C81377}"
EndProject
Project("{2150E333-8FDC-42A3-9474-1A3956D46DE8}") = "Business", "Business", "{A0E180CF-A829-4A73-93FA-9392A37718E6}"
EndProject
Project("{2150E333-8FDC-42A3-9474-1A3956D46DE8}") = "DataAccess", "DataAccess", "{A5301672-A694-4DEE-896A-52C440F1BA25}"
EndProject
Project("{9A19103F-16F7-4668-BE54-9A1E7A4F7556}") = "DbAccess.Contract", "Server\DataAccess\DbAccess.Contract\DbAccess.Contract.csproj", "{7FD2965E-5116-4780-AAD5-7BD438B7C122}"
EndProject
Project("{9A19103F-16F7-4668-BE54-9A1E7A4F7556}") = "DbAccess.EntityFrameworkCore", "Server\DataAccess\DbAccess.EntityFrameworkCore\DbAccess.EntityFrameworkCore.csproj", "{8E8A0A13-1FE9-4AFF-ADBA-76D5B943D46D}"
EndProject
Project("{9A19103F-16F7-4668-BE54-9A1E7A4F7556}") = "RegistrationWorkflow.Contract", "Server\Logic\Business\RegistrationWorkflow.Contract\RegistrationWorkflow.Contract.csproj", "{7BB3F440-916C-42DB-B56E-280C26A9CBDB}"
EndProject
Project("{9A19103F-16F7-4668-BE54-9A1E7A4F7556}") = "RegistrationWorkflow", "Server\Logic\Business\RegistrationWorkflow\RegistrationWorkflow.csproj", "{E395BC68-6CE8-497F-8A0A-5B0D88C088B9}"
EndProject
Project("{9A19103F-16F7-4668-BE54-9A1E7A4F7556}") = "HashHandling.Contract", "Server\Logic\Domain\HashHandling.Contract\HashHandling.Contract.csproj", "{67517BA2-5A04-42DD-ABA1-A50AC362A21D}"
EndProject
Project("{9A19103F-16F7-4668-BE54-9A1E7A4F7556}") = "HashHandling.SHA512", "Server\Logic\Domain\HashHandling.SHA512\HashHandling.SHA512.csproj", "{07E59DFE-FDC2-44A1-899F-C5B10E424CCB}"
EndProject
Project("{9A19103F-16F7-4668-BE54-9A1E7A4F7556}") = "EmailManagement.Contract", "Server\Logic\Domain\EmailManagement.Contract\EmailManagement.Contract.csproj", "{5F9A167D-0E30-449B-B44A-A9C9FD78B831}"
EndProject
Project("{9A19103F-16F7-4668-BE54-9A1E7A4F7556}") = "EmailManagement", "Server\Logic\Domain\EmailManagement\EmailManagement.csproj", "{903FAE08-E48F-4156-9AA7-3312A53992E5}"
EndProject
Project("{2150E333-8FDC-42A3-9474-1A3956D46DE8}") = "Solution Items", "Solution Items", "{7FD49937-7AD1-43FE-8BA9-87733BAD5814}"
	ProjectSection(SolutionItems) = preProject
		.editorconfig = .editorconfig
	EndProjectSection
EndProject
Project("{9A19103F-16F7-4668-BE54-9A1E7A4F7556}") = "RegistrationConfirmationManagement.Contract", "Server\Logic\Domain\RegistrationConfirmationManagement.Contract\RegistrationConfirmationManagement.Contract.csproj", "{5B8FD30E-8943-4919-85C5-BD8859851D99}"
EndProject
Project("{9A19103F-16F7-4668-BE54-9A1E7A4F7556}") = "RegistrationConfirmationManagement", "Server\Logic\Domain\RegistrationConfirmationManagement\RegistrationConfirmationManagement.csproj", "{57B78B77-3C97-4ECE-AF67-AE3F7048A7DF}"
EndProject
Project("{FAE04EC0-301F-11D3-BF4B-00C04F79EFBC}") = "DataTransactionHandling.Contract", "Server\Logic\Domain\DataTransactionHandling.Contract\DataTransactionHandling.Contract.csproj", "{54C0DE98-18D9-46BF-9012-008F8346200B}"
EndProject
Project("{FAE04EC0-301F-11D3-BF4B-00C04F79EFBC}") = "DataTransactionHandling", "Server\Logic\Domain\DataTransactionHandling\DataTransactionHandling.csproj", "{C0188D06-2A38-4379-BDFD-7AA9D3F89A4B}"
EndProject
Project("{FAE04EC0-301F-11D3-BF4B-00C04F79EFBC}") = "DataTransactionHandling.Tests", "Server\Logic\Domain\DataTransactionHandling.Tests\DataTransactionHandling.Tests.csproj", "{37A8C970-539A-4A8E-8903-6136D458061B}"
EndProject
Project("{FAE04EC0-301F-11D3-BF4B-00C04F79EFBC}") = "EmailManagement.Tests", "Server\Logic\Domain\EmailManagement.Tests\EmailManagement.Tests.csproj", "{411D92C2-95D8-4652-A885-31F76F6709AA}"
EndProject
Project("{FAE04EC0-301F-11D3-BF4B-00C04F79EFBC}") = "HashHandling.SHA512.Tests", "Server\Logic\Domain\HashHandling.SHA512.Tests\HashHandling.SHA512.Tests.csproj", "{0D36BF7A-5975-4C59-BD15-566A6CB4493E}"
EndProject
Project("{FAE04EC0-301F-11D3-BF4B-00C04F79EFBC}") = "RegistrationConfirmationManagement.Tests", "Server\Logic\Domain\RegistrationConfirmationManagement.Tests\RegistrationConfirmationManagement.Tests.csproj", "{66661A83-162D-47CC-B131-D18CF39737A9}"
EndProject
Project("{FAE04EC0-301F-11D3-BF4B-00C04F79EFBC}") = "UserManagement.Tests", "Server\Logic\Domain\UserManagement.Tests\UserManagement.Tests.csproj", "{9378B164-3388-4DF1-9F41-72A976C67B99}"
EndProject
Project("{FAE04EC0-301F-11D3-BF4B-00C04F79EFBC}") = "RegistrationWorkflow.Tests", "Server\Logic\Business\RegistrationWorkflow.Tests\RegistrationWorkflow.Tests.csproj", "{B0923225-8E51-4CEE-A7C0-02613D8F4987}"
EndProject
Project("{FAE04EC0-301F-11D3-BF4B-00C04F79EFBC}") = "DbAccess.EntityFrameworkCore.Tests", "Server\DataAccess\DbAccess.EntityFrameworkCore.Tests\DbAccess.EntityFrameworkCore.Tests.csproj", "{8B6072CB-3D08-4286-AC21-F7698040297B}"
EndProject
Global
	GlobalSection(SolutionConfigurationPlatforms) = preSolution
		Debug|Any CPU = Debug|Any CPU
		Release|Any CPU = Release|Any CPU
	EndGlobalSection
	GlobalSection(ProjectConfigurationPlatforms) = postSolution
		{ECFDFBFC-48C7-4437-8BF9-51B1FAACB5E6}.Debug|Any CPU.ActiveCfg = Debug|Any CPU
		{ECFDFBFC-48C7-4437-8BF9-51B1FAACB5E6}.Debug|Any CPU.Build.0 = Debug|Any CPU
		{ECFDFBFC-48C7-4437-8BF9-51B1FAACB5E6}.Release|Any CPU.ActiveCfg = Release|Any CPU
		{ECFDFBFC-48C7-4437-8BF9-51B1FAACB5E6}.Release|Any CPU.Build.0 = Release|Any CPU
		{26F22902-7F67-459D-A9FE-76E54D56BC90}.Debug|Any CPU.ActiveCfg = Debug|Any CPU
		{26F22902-7F67-459D-A9FE-76E54D56BC90}.Debug|Any CPU.Build.0 = Debug|Any CPU
		{26F22902-7F67-459D-A9FE-76E54D56BC90}.Release|Any CPU.ActiveCfg = Release|Any CPU
		{26F22902-7F67-459D-A9FE-76E54D56BC90}.Release|Any CPU.Build.0 = Release|Any CPU
		{166D924B-FAD6-4765-9263-0651D0499F87}.Debug|Any CPU.ActiveCfg = Debug|Any CPU
		{166D924B-FAD6-4765-9263-0651D0499F87}.Debug|Any CPU.Build.0 = Debug|Any CPU
		{166D924B-FAD6-4765-9263-0651D0499F87}.Release|Any CPU.ActiveCfg = Release|Any CPU
		{166D924B-FAD6-4765-9263-0651D0499F87}.Release|Any CPU.Build.0 = Release|Any CPU
		{9C787721-76F0-43FF-88A8-A4F7DDB61EEF}.Debug|Any CPU.ActiveCfg = Debug|Any CPU
		{9C787721-76F0-43FF-88A8-A4F7DDB61EEF}.Debug|Any CPU.Build.0 = Debug|Any CPU
		{9C787721-76F0-43FF-88A8-A4F7DDB61EEF}.Release|Any CPU.ActiveCfg = Release|Any CPU
		{9C787721-76F0-43FF-88A8-A4F7DDB61EEF}.Release|Any CPU.Build.0 = Release|Any CPU
		{6E522ABC-F094-4A2E-8363-D99DBF38F268}.Debug|Any CPU.ActiveCfg = Debug|Any CPU
		{6E522ABC-F094-4A2E-8363-D99DBF38F268}.Debug|Any CPU.Build.0 = Debug|Any CPU
		{6E522ABC-F094-4A2E-8363-D99DBF38F268}.Release|Any CPU.ActiveCfg = Release|Any CPU
		{6E522ABC-F094-4A2E-8363-D99DBF38F268}.Release|Any CPU.Build.0 = Release|Any CPU
		{7FD2965E-5116-4780-AAD5-7BD438B7C122}.Debug|Any CPU.ActiveCfg = Debug|Any CPU
		{7FD2965E-5116-4780-AAD5-7BD438B7C122}.Debug|Any CPU.Build.0 = Debug|Any CPU
		{7FD2965E-5116-4780-AAD5-7BD438B7C122}.Release|Any CPU.ActiveCfg = Release|Any CPU
		{7FD2965E-5116-4780-AAD5-7BD438B7C122}.Release|Any CPU.Build.0 = Release|Any CPU
		{8E8A0A13-1FE9-4AFF-ADBA-76D5B943D46D}.Debug|Any CPU.ActiveCfg = Debug|Any CPU
		{8E8A0A13-1FE9-4AFF-ADBA-76D5B943D46D}.Debug|Any CPU.Build.0 = Debug|Any CPU
		{8E8A0A13-1FE9-4AFF-ADBA-76D5B943D46D}.Release|Any CPU.ActiveCfg = Release|Any CPU
		{8E8A0A13-1FE9-4AFF-ADBA-76D5B943D46D}.Release|Any CPU.Build.0 = Release|Any CPU
		{7BB3F440-916C-42DB-B56E-280C26A9CBDB}.Debug|Any CPU.ActiveCfg = Debug|Any CPU
		{7BB3F440-916C-42DB-B56E-280C26A9CBDB}.Debug|Any CPU.Build.0 = Debug|Any CPU
		{7BB3F440-916C-42DB-B56E-280C26A9CBDB}.Release|Any CPU.ActiveCfg = Release|Any CPU
		{7BB3F440-916C-42DB-B56E-280C26A9CBDB}.Release|Any CPU.Build.0 = Release|Any CPU
		{E395BC68-6CE8-497F-8A0A-5B0D88C088B9}.Debug|Any CPU.ActiveCfg = Debug|Any CPU
		{E395BC68-6CE8-497F-8A0A-5B0D88C088B9}.Debug|Any CPU.Build.0 = Debug|Any CPU
		{E395BC68-6CE8-497F-8A0A-5B0D88C088B9}.Release|Any CPU.ActiveCfg = Release|Any CPU
		{E395BC68-6CE8-497F-8A0A-5B0D88C088B9}.Release|Any CPU.Build.0 = Release|Any CPU
		{67517BA2-5A04-42DD-ABA1-A50AC362A21D}.Debug|Any CPU.ActiveCfg = Debug|Any CPU
		{67517BA2-5A04-42DD-ABA1-A50AC362A21D}.Debug|Any CPU.Build.0 = Debug|Any CPU
		{67517BA2-5A04-42DD-ABA1-A50AC362A21D}.Release|Any CPU.ActiveCfg = Release|Any CPU
		{67517BA2-5A04-42DD-ABA1-A50AC362A21D}.Release|Any CPU.Build.0 = Release|Any CPU
		{07E59DFE-FDC2-44A1-899F-C5B10E424CCB}.Debug|Any CPU.ActiveCfg = Debug|Any CPU
		{07E59DFE-FDC2-44A1-899F-C5B10E424CCB}.Debug|Any CPU.Build.0 = Debug|Any CPU
		{07E59DFE-FDC2-44A1-899F-C5B10E424CCB}.Release|Any CPU.ActiveCfg = Release|Any CPU
		{07E59DFE-FDC2-44A1-899F-C5B10E424CCB}.Release|Any CPU.Build.0 = Release|Any CPU
		{5F9A167D-0E30-449B-B44A-A9C9FD78B831}.Debug|Any CPU.ActiveCfg = Debug|Any CPU
		{5F9A167D-0E30-449B-B44A-A9C9FD78B831}.Debug|Any CPU.Build.0 = Debug|Any CPU
		{5F9A167D-0E30-449B-B44A-A9C9FD78B831}.Release|Any CPU.ActiveCfg = Release|Any CPU
		{5F9A167D-0E30-449B-B44A-A9C9FD78B831}.Release|Any CPU.Build.0 = Release|Any CPU
		{903FAE08-E48F-4156-9AA7-3312A53992E5}.Debug|Any CPU.ActiveCfg = Debug|Any CPU
		{903FAE08-E48F-4156-9AA7-3312A53992E5}.Debug|Any CPU.Build.0 = Debug|Any CPU
		{903FAE08-E48F-4156-9AA7-3312A53992E5}.Release|Any CPU.ActiveCfg = Release|Any CPU
		{903FAE08-E48F-4156-9AA7-3312A53992E5}.Release|Any CPU.Build.0 = Release|Any CPU
		{5B8FD30E-8943-4919-85C5-BD8859851D99}.Debug|Any CPU.ActiveCfg = Debug|Any CPU
		{5B8FD30E-8943-4919-85C5-BD8859851D99}.Debug|Any CPU.Build.0 = Debug|Any CPU
		{5B8FD30E-8943-4919-85C5-BD8859851D99}.Release|Any CPU.ActiveCfg = Release|Any CPU
		{5B8FD30E-8943-4919-85C5-BD8859851D99}.Release|Any CPU.Build.0 = Release|Any CPU
		{57B78B77-3C97-4ECE-AF67-AE3F7048A7DF}.Debug|Any CPU.ActiveCfg = Debug|Any CPU
		{57B78B77-3C97-4ECE-AF67-AE3F7048A7DF}.Debug|Any CPU.Build.0 = Debug|Any CPU
		{57B78B77-3C97-4ECE-AF67-AE3F7048A7DF}.Release|Any CPU.ActiveCfg = Release|Any CPU
		{57B78B77-3C97-4ECE-AF67-AE3F7048A7DF}.Release|Any CPU.Build.0 = Release|Any CPU
		{54C0DE98-18D9-46BF-9012-008F8346200B}.Debug|Any CPU.ActiveCfg = Debug|Any CPU
		{54C0DE98-18D9-46BF-9012-008F8346200B}.Debug|Any CPU.Build.0 = Debug|Any CPU
		{54C0DE98-18D9-46BF-9012-008F8346200B}.Release|Any CPU.ActiveCfg = Release|Any CPU
		{54C0DE98-18D9-46BF-9012-008F8346200B}.Release|Any CPU.Build.0 = Release|Any CPU
		{C0188D06-2A38-4379-BDFD-7AA9D3F89A4B}.Debug|Any CPU.ActiveCfg = Debug|Any CPU
		{C0188D06-2A38-4379-BDFD-7AA9D3F89A4B}.Debug|Any CPU.Build.0 = Debug|Any CPU
		{C0188D06-2A38-4379-BDFD-7AA9D3F89A4B}.Release|Any CPU.ActiveCfg = Release|Any CPU
		{C0188D06-2A38-4379-BDFD-7AA9D3F89A4B}.Release|Any CPU.Build.0 = Release|Any CPU
		{37A8C970-539A-4A8E-8903-6136D458061B}.Debug|Any CPU.ActiveCfg = Debug|Any CPU
		{37A8C970-539A-4A8E-8903-6136D458061B}.Debug|Any CPU.Build.0 = Debug|Any CPU
		{37A8C970-539A-4A8E-8903-6136D458061B}.Release|Any CPU.ActiveCfg = Release|Any CPU
		{37A8C970-539A-4A8E-8903-6136D458061B}.Release|Any CPU.Build.0 = Release|Any CPU
		{411D92C2-95D8-4652-A885-31F76F6709AA}.Debug|Any CPU.ActiveCfg = Debug|Any CPU
		{411D92C2-95D8-4652-A885-31F76F6709AA}.Debug|Any CPU.Build.0 = Debug|Any CPU
		{411D92C2-95D8-4652-A885-31F76F6709AA}.Release|Any CPU.ActiveCfg = Release|Any CPU
		{411D92C2-95D8-4652-A885-31F76F6709AA}.Release|Any CPU.Build.0 = Release|Any CPU
		{0D36BF7A-5975-4C59-BD15-566A6CB4493E}.Debug|Any CPU.ActiveCfg = Debug|Any CPU
		{0D36BF7A-5975-4C59-BD15-566A6CB4493E}.Debug|Any CPU.Build.0 = Debug|Any CPU
		{0D36BF7A-5975-4C59-BD15-566A6CB4493E}.Release|Any CPU.ActiveCfg = Release|Any CPU
		{0D36BF7A-5975-4C59-BD15-566A6CB4493E}.Release|Any CPU.Build.0 = Release|Any CPU
		{66661A83-162D-47CC-B131-D18CF39737A9}.Debug|Any CPU.ActiveCfg = Debug|Any CPU
		{66661A83-162D-47CC-B131-D18CF39737A9}.Debug|Any CPU.Build.0 = Debug|Any CPU
		{66661A83-162D-47CC-B131-D18CF39737A9}.Release|Any CPU.ActiveCfg = Release|Any CPU
		{66661A83-162D-47CC-B131-D18CF39737A9}.Release|Any CPU.Build.0 = Release|Any CPU
		{9378B164-3388-4DF1-9F41-72A976C67B99}.Debug|Any CPU.ActiveCfg = Debug|Any CPU
		{9378B164-3388-4DF1-9F41-72A976C67B99}.Debug|Any CPU.Build.0 = Debug|Any CPU
		{9378B164-3388-4DF1-9F41-72A976C67B99}.Release|Any CPU.ActiveCfg = Release|Any CPU
		{9378B164-3388-4DF1-9F41-72A976C67B99}.Release|Any CPU.Build.0 = Release|Any CPU
		{B0923225-8E51-4CEE-A7C0-02613D8F4987}.Debug|Any CPU.ActiveCfg = Debug|Any CPU
		{B0923225-8E51-4CEE-A7C0-02613D8F4987}.Debug|Any CPU.Build.0 = Debug|Any CPU
		{B0923225-8E51-4CEE-A7C0-02613D8F4987}.Release|Any CPU.ActiveCfg = Release|Any CPU
		{B0923225-8E51-4CEE-A7C0-02613D8F4987}.Release|Any CPU.Build.0 = Release|Any CPU
		{8B6072CB-3D08-4286-AC21-F7698040297B}.Debug|Any CPU.ActiveCfg = Debug|Any CPU
		{8B6072CB-3D08-4286-AC21-F7698040297B}.Debug|Any CPU.Build.0 = Debug|Any CPU
		{8B6072CB-3D08-4286-AC21-F7698040297B}.Release|Any CPU.ActiveCfg = Release|Any CPU
		{8B6072CB-3D08-4286-AC21-F7698040297B}.Release|Any CPU.Build.0 = Release|Any CPU
	EndGlobalSection
	GlobalSection(SolutionProperties) = preSolution
		HideSolutionNode = FALSE
	EndGlobalSection
	GlobalSection(NestedProjects) = preSolution
		{ECFDFBFC-48C7-4437-8BF9-51B1FAACB5E6} = {DD36AA25-5D23-4EBC-B7E5-23FB6E864B96}
		{26F22902-7F67-459D-A9FE-76E54D56BC90} = {DD36AA25-5D23-4EBC-B7E5-23FB6E864B96}
		{166D924B-FAD6-4765-9263-0651D0499F87} = {5E52A855-FB26-484A-B563-358312C81377}
		{AC44F145-B78B-43AD-BFF1-98F5E9D25FD9} = {DA25295D-6462-435E-8EEC-60FA513CBB30}
		{15163B24-45F6-4D6D-B58B-AB58D0A02C59} = {DA25295D-6462-435E-8EEC-60FA513CBB30}
		{9C787721-76F0-43FF-88A8-A4F7DDB61EEF} = {15163B24-45F6-4D6D-B58B-AB58D0A02C59}
		{6E522ABC-F094-4A2E-8363-D99DBF38F268} = {5E52A855-FB26-484A-B563-358312C81377}
		{DD36AA25-5D23-4EBC-B7E5-23FB6E864B96} = {DA25295D-6462-435E-8EEC-60FA513CBB30}
		{5E52A855-FB26-484A-B563-358312C81377} = {AC44F145-B78B-43AD-BFF1-98F5E9D25FD9}
		{A0E180CF-A829-4A73-93FA-9392A37718E6} = {AC44F145-B78B-43AD-BFF1-98F5E9D25FD9}
		{A5301672-A694-4DEE-896A-52C440F1BA25} = {DA25295D-6462-435E-8EEC-60FA513CBB30}
		{7FD2965E-5116-4780-AAD5-7BD438B7C122} = {A5301672-A694-4DEE-896A-52C440F1BA25}
		{8E8A0A13-1FE9-4AFF-ADBA-76D5B943D46D} = {A5301672-A694-4DEE-896A-52C440F1BA25}
		{7BB3F440-916C-42DB-B56E-280C26A9CBDB} = {A0E180CF-A829-4A73-93FA-9392A37718E6}
		{E395BC68-6CE8-497F-8A0A-5B0D88C088B9} = {A0E180CF-A829-4A73-93FA-9392A37718E6}
		{67517BA2-5A04-42DD-ABA1-A50AC362A21D} = {5E52A855-FB26-484A-B563-358312C81377}
		{07E59DFE-FDC2-44A1-899F-C5B10E424CCB} = {5E52A855-FB26-484A-B563-358312C81377}
		{5F9A167D-0E30-449B-B44A-A9C9FD78B831} = {5E52A855-FB26-484A-B563-358312C81377}
		{903FAE08-E48F-4156-9AA7-3312A53992E5} = {5E52A855-FB26-484A-B563-358312C81377}
		{5B8FD30E-8943-4919-85C5-BD8859851D99} = {5E52A855-FB26-484A-B563-358312C81377}
		{57B78B77-3C97-4ECE-AF67-AE3F7048A7DF} = {5E52A855-FB26-484A-B563-358312C81377}
		{54C0DE98-18D9-46BF-9012-008F8346200B} = {5E52A855-FB26-484A-B563-358312C81377}
		{C0188D06-2A38-4379-BDFD-7AA9D3F89A4B} = {5E52A855-FB26-484A-B563-358312C81377}
		{37A8C970-539A-4A8E-8903-6136D458061B} = {5E52A855-FB26-484A-B563-358312C81377}
		{411D92C2-95D8-4652-A885-31F76F6709AA} = {5E52A855-FB26-484A-B563-358312C81377}
		{0D36BF7A-5975-4C59-BD15-566A6CB4493E} = {5E52A855-FB26-484A-B563-358312C81377}
		{66661A83-162D-47CC-B131-D18CF39737A9} = {5E52A855-FB26-484A-B563-358312C81377}
		{9378B164-3388-4DF1-9F41-72A976C67B99} = {5E52A855-FB26-484A-B563-358312C81377}
		{B0923225-8E51-4CEE-A7C0-02613D8F4987} = {A0E180CF-A829-4A73-93FA-9392A37718E6}
		{8B6072CB-3D08-4286-AC21-F7698040297B} = {A5301672-A694-4DEE-896A-52C440F1BA25}
		{E7DA7D82-91D8-4806-8A62-D3BE9E237084} = {3DA8DE5C-99C3-4E86-B898-84E81BA704B9}
	EndGlobalSection
	GlobalSection(ExtensibilityGlobals) = postSolution
		SolutionGuid = {C7A11428-FDC3-4993-AB1D-8329B53E5CF3}
	EndGlobalSection
EndGlobal
